// !$*UTF8*$!
{
	archiveVersion = 1;
	classes = {
	};
	objectVersion = 51;
	objects = {

/* Begin PBXBuildFile section */
		7B859A8952CC5A5A033C2B03 /* Pods_HZScanUIDemo.framework in Frameworks */ = {isa = PBXBuildFile; fileRef = 9BC8A8AAF8165577E5AE8956 /* Pods_HZScanUIDemo.framework */; };
		84AEA0D323861570005C6DA3 /* AppDelegate.m in Sources */ = {isa = PBXBuildFile; fileRef = 84AEA0D223861570005C6DA3 /* AppDelegate.m */; };
		84AEA0D923861570005C6DA3 /* ViewController.m in Sources */ = {isa = PBXBuildFile; fileRef = 84AEA0D823861570005C6DA3 /* ViewController.m */; };
		84AEA0DE23861571005C6DA3 /* Assets.xcassets in Resources */ = {isa = PBXBuildFile; fileRef = 84AEA0DD23861571005C6DA3 /* Assets.xcassets */; };
		84AEA0E423861571005C6DA3 /* main.m in Sources */ = {isa = PBXBuildFile; fileRef = 84AEA0E323861571005C6DA3 /* main.m */; };
		84AEA0EC2386164F005C6DA3 /* HZScanUIViewController.m in Sources */ = {isa = PBXBuildFile; fileRef = 84AEA0EB2386164F005C6DA3 /* HZScanUIViewController.m */; };
		84AEA0F02386B1A4005C6DA3 /* IMG_9234.PNG in Resources */ = {isa = PBXBuildFile; fileRef = 84AEA0EF2386B1A4005C6DA3 /* IMG_9234.PNG */; };
		84AEA0F22386B1AA005C6DA3 /* IMG_9235.PNG in Resources */ = {isa = PBXBuildFile; fileRef = 84AEA0F12386B1AA005C6DA3 /* IMG_9235.PNG */; };
		84AEA0F523878284005C6DA3 /* HZContentShowViewController.m in Sources */ = {isa = PBXBuildFile; fileRef = 84AEA0F423878284005C6DA3 /* HZContentShowViewController.m */; };
		84AEA0F82387892C005C6DA3 /* NSString+urlJudge.m in Sources */ = {isa = PBXBuildFile; fileRef = 84AEA0F72387892C005C6DA3 /* NSString+urlJudge.m */; };
		84CB46A924A09B9D00DB3CF4 /* HZCaptureScanManager.m in Sources */ = {isa = PBXBuildFile; fileRef = 84CB46A724A09B9D00DB3CF4 /* HZCaptureScanManager.m */; };
		84CB46AC24A09C6200DB3CF4 /* HZCaptureScanViewController.m in Sources */ = {isa = PBXBuildFile; fileRef = 84CB46AB24A09C6200DB3CF4 /* HZCaptureScanViewController.m */; };
		84CB46B224A0AA0900DB3CF4 /* HZCaptureScanMarkView.m in Sources */ = {isa = PBXBuildFile; fileRef = 84CB46B124A0AA0900DB3CF4 /* HZCaptureScanMarkView.m */; };
/* End PBXBuildFile section */

/* Begin PBXFileReference section */
		84AEA0CE23861570005C6DA3 /* HZScanUIDemo.app */ = {isa = PBXFileReference; explicitFileType = wrapper.application; includeInIndex = 0; path = HZScanUIDemo.app; sourceTree = BUILT_PRODUCTS_DIR; };
		84AEA0D123861570005C6DA3 /* AppDelegate.h */ = {isa = PBXFileReference; lastKnownFileType = sourcecode.c.h; path = AppDelegate.h; sourceTree = "<group>"; };
		84AEA0D223861570005C6DA3 /* AppDelegate.m */ = {isa = PBXFileReference; lastKnownFileType = sourcecode.c.objc; path = AppDelegate.m; sourceTree = "<group>"; };
		84AEA0D723861570005C6DA3 /* ViewController.h */ = {isa = PBXFileReference; lastKnownFileType = sourcecode.c.h; path = ViewController.h; sourceTree = "<group>"; };
		84AEA0D823861570005C6DA3 /* ViewController.m */ = {isa = PBXFileReference; lastKnownFileType = sourcecode.c.objc; path = ViewController.m; sourceTree = "<group>"; };
		84AEA0DD23861571005C6DA3 /* Assets.xcassets */ = {isa = PBXFileReference; lastKnownFileType = folder.assetcatalog; path = Assets.xcassets; sourceTree = "<group>"; };
		84AEA0E223861571005C6DA3 /* Info.plist */ = {isa = PBXFileReference; lastKnownFileType = text.plist.xml; path = Info.plist; sourceTree = "<group>"; };
		84AEA0E323861571005C6DA3 /* main.m */ = {isa = PBXFileReference; lastKnownFileType = sourcecode.c.objc; path = main.m; sourceTree = "<group>"; };
		84AEA0EA2386164F005C6DA3 /* HZScanUIViewController.h */ = {isa = PBXFileReference; lastKnownFileType = sourcecode.c.h; path = HZScanUIViewController.h; sourceTree = "<group>"; };
		84AEA0EB2386164F005C6DA3 /* HZScanUIViewController.m */ = {isa = PBXFileReference; lastKnownFileType = sourcecode.c.objc; path = HZScanUIViewController.m; sourceTree = "<group>"; };
		84AEA0EF2386B1A4005C6DA3 /* IMG_9234.PNG */ = {isa = PBXFileReference; lastKnownFileType = image.png; path = IMG_9234.PNG; sourceTree = "<group>"; };
		84AEA0F12386B1AA005C6DA3 /* IMG_9235.PNG */ = {isa = PBXFileReference; lastKnownFileType = image.png; path = IMG_9235.PNG; sourceTree = "<group>"; };
		84AEA0F323878284005C6DA3 /* HZContentShowViewController.h */ = {isa = PBXFileReference; lastKnownFileType = sourcecode.c.h; path = HZContentShowViewController.h; sourceTree = "<group>"; };
		84AEA0F423878284005C6DA3 /* HZContentShowViewController.m */ = {isa = PBXFileReference; lastKnownFileType = sourcecode.c.objc; path = HZContentShowViewController.m; sourceTree = "<group>"; };
		84AEA0F62387892C005C6DA3 /* NSString+urlJudge.h */ = {isa = PBXFileReference; lastKnownFileType = sourcecode.c.h; path = "NSString+urlJudge.h"; sourceTree = "<group>"; };
		84AEA0F72387892C005C6DA3 /* NSString+urlJudge.m */ = {isa = PBXFileReference; lastKnownFileType = sourcecode.c.objc; path = "NSString+urlJudge.m"; sourceTree = "<group>"; };
		84CB46A724A09B9D00DB3CF4 /* HZCaptureScanManager.m */ = {isa = PBXFileReference; fileEncoding = 4; lastKnownFileType = sourcecode.c.objc; path = HZCaptureScanManager.m; sourceTree = "<group>"; };
		84CB46A824A09B9D00DB3CF4 /* HZCaptureScanManager.h */ = {isa = PBXFileReference; fileEncoding = 4; lastKnownFileType = sourcecode.c.h; path = HZCaptureScanManager.h; sourceTree = "<group>"; };
		84CB46AA24A09C6200DB3CF4 /* HZCaptureScanViewController.h */ = {isa = PBXFileReference; lastKnownFileType = sourcecode.c.h; path = HZCaptureScanViewController.h; sourceTree = "<group>"; };
		84CB46AB24A09C6200DB3CF4 /* HZCaptureScanViewController.m */ = {isa = PBXFileReference; lastKnownFileType = sourcecode.c.objc; path = HZCaptureScanViewController.m; sourceTree = "<group>"; };
		84CB46B024A0AA0900DB3CF4 /* HZCaptureScanMarkView.h */ = {isa = PBXFileReference; lastKnownFileType = sourcecode.c.h; path = HZCaptureScanMarkView.h; sourceTree = "<group>"; };
		84CB46B124A0AA0900DB3CF4 /* HZCaptureScanMarkView.m */ = {isa = PBXFileReference; lastKnownFileType = sourcecode.c.objc; path = HZCaptureScanMarkView.m; sourceTree = "<group>"; };
		9BC8A8AAF8165577E5AE8956 /* Pods_HZScanUIDemo.framework */ = {isa = PBXFileReference; explicitFileType = wrapper.framework; includeInIndex = 0; path = Pods_HZScanUIDemo.framework; sourceTree = BUILT_PRODUCTS_DIR; };
		DC529E01C7517EB962F4A431 /* Pods-HZScanUIDemo.release.xcconfig */ = {isa = PBXFileReference; includeInIndex = 1; lastKnownFileType = text.xcconfig; name = "Pods-HZScanUIDemo.release.xcconfig"; path = "Target Support Files/Pods-HZScanUIDemo/Pods-HZScanUIDemo.release.xcconfig"; sourceTree = "<group>"; };
		FCA3FB99B72C1BB02951650B /* Pods-HZScanUIDemo.debug.xcconfig */ = {isa = PBXFileReference; includeInIndex = 1; lastKnownFileType = text.xcconfig; name = "Pods-HZScanUIDemo.debug.xcconfig"; path = "Target Support Files/Pods-HZScanUIDemo/Pods-HZScanUIDemo.debug.xcconfig"; sourceTree = "<group>"; };
/* End PBXFileReference section */

/* Begin PBXFrameworksBuildPhase section */
		84AEA0CB23861570005C6DA3 /* Frameworks */ = {
			isa = PBXFrameworksBuildPhase;
			buildActionMask = 2147483647;
			files = (
				7B859A8952CC5A5A033C2B03 /* Pods_HZScanUIDemo.framework in Frameworks */,
			);
			runOnlyForDeploymentPostprocessing = 0;
		};
/* End PBXFrameworksBuildPhase section */

/* Begin PBXGroup section */
		32381ABC3B1E0FDC937640A2 /* Frameworks */ = {
			isa = PBXGroup;
			children = (
				9BC8A8AAF8165577E5AE8956 /* Pods_HZScanUIDemo.framework */,
			);
			name = Frameworks;
			sourceTree = "<group>";
		};
		342037B1F8AFA5834182799A /* Pods */ = {
			isa = PBXGroup;
			children = (
				FCA3FB99B72C1BB02951650B /* Pods-HZScanUIDemo.debug.xcconfig */,
				DC529E01C7517EB962F4A431 /* Pods-HZScanUIDemo.release.xcconfig */,
			);
			path = Pods;
			sourceTree = "<group>";
		};
		84AEA0C523861570005C6DA3 = {
			isa = PBXGroup;
			children = (
				84AEA0D023861570005C6DA3 /* HZScanUIDemo */,
				84AEA0CF23861570005C6DA3 /* Products */,
				342037B1F8AFA5834182799A /* Pods */,
				32381ABC3B1E0FDC937640A2 /* Frameworks */,
			);
			sourceTree = "<group>";
		};
		84AEA0CF23861570005C6DA3 /* Products */ = {
			isa = PBXGroup;
			children = (
				84AEA0CE23861570005C6DA3 /* HZScanUIDemo.app */,
			);
			name = Products;
			sourceTree = "<group>";
		};
		84AEA0D023861570005C6DA3 /* HZScanUIDemo */ = {
			isa = PBXGroup;
			children = (
				84CB46A624A09B9D00DB3CF4 /* HZCaptureScanTool */,
				84AEA0D123861570005C6DA3 /* AppDelegate.h */,
				84AEA0D223861570005C6DA3 /* AppDelegate.m */,
				84AEA0D723861570005C6DA3 /* ViewController.h */,
				84AEA0D823861570005C6DA3 /* ViewController.m */,
				84AEA0EA2386164F005C6DA3 /* HZScanUIViewController.h */,
				84AEA0EB2386164F005C6DA3 /* HZScanUIViewController.m */,
				84AEA0F323878284005C6DA3 /* HZContentShowViewController.h */,
				84AEA0F423878284005C6DA3 /* HZContentShowViewController.m */,
				84AEA0F62387892C005C6DA3 /* NSString+urlJudge.h */,
				84AEA0F72387892C005C6DA3 /* NSString+urlJudge.m */,
				84AEA0F12386B1AA005C6DA3 /* IMG_9235.PNG */,
				84AEA0EF2386B1A4005C6DA3 /* IMG_9234.PNG */,
				84AEA0DD23861571005C6DA3 /* Assets.xcassets */,
				84AEA0E223861571005C6DA3 /* Info.plist */,
				84AEA0E323861571005C6DA3 /* main.m */,
			);
			path = HZScanUIDemo;
			sourceTree = "<group>";
		};
		84CB46A624A09B9D00DB3CF4 /* HZCaptureScanTool */ = {
			isa = PBXGroup;
			children = (
				84CB46A824A09B9D00DB3CF4 /* HZCaptureScanManager.h */,
				84CB46A724A09B9D00DB3CF4 /* HZCaptureScanManager.m */,
				84CB46B024A0AA0900DB3CF4 /* HZCaptureScanMarkView.h */,
				84CB46B124A0AA0900DB3CF4 /* HZCaptureScanMarkView.m */,
				84CB46AA24A09C6200DB3CF4 /* HZCaptureScanViewController.h */,
				84CB46AB24A09C6200DB3CF4 /* HZCaptureScanViewController.m */,
			);
			path = HZCaptureScanTool;
			sourceTree = "<group>";
		};
/* End PBXGroup section */

/* Begin PBXNativeTarget section */
		84AEA0CD23861570005C6DA3 /* HZScanUIDemo */ = {
			isa = PBXNativeTarget;
			buildConfigurationList = 84AEA0E723861571005C6DA3 /* Build configuration list for PBXNativeTarget "HZScanUIDemo" */;
			buildPhases = (
				EDBA6C67BBAE48B28A989A08 /* [CP] Check Pods Manifest.lock */,
				84AEA0CA23861570005C6DA3 /* Sources */,
				84AEA0CB23861570005C6DA3 /* Frameworks */,
				84AEA0CC23861570005C6DA3 /* Resources */,
				6C859916A3FE48215935D2E6 /* [CP] Embed Pods Frameworks */,
			);
			buildRules = (
			);
			dependencies = (
			);
			name = HZScanUIDemo;
			productName = HZScanUIDemo;
			productReference = 84AEA0CE23861570005C6DA3 /* HZScanUIDemo.app */;
			productType = "com.apple.product-type.application";
		};
/* End PBXNativeTarget section */

/* Begin PBXProject section */
		84AEA0C623861570005C6DA3 /* Project object */ = {
			isa = PBXProject;
			attributes = {
				LastUpgradeCheck = 1110;
				ORGANIZATIONNAME = admin;
				TargetAttributes = {
					84AEA0CD23861570005C6DA3 = {
						CreatedOnToolsVersion = 11.1;
					};
				};
			};
			buildConfigurationList = 84AEA0C923861570005C6DA3 /* Build configuration list for PBXProject "HZScanUIDemo" */;
			compatibilityVersion = "Xcode 9.3";
			developmentRegion = en;
			hasScannedForEncodings = 0;
			knownRegions = (
				en,
				Base,
			);
			mainGroup = 84AEA0C523861570005C6DA3;
			productRefGroup = 84AEA0CF23861570005C6DA3 /* Products */;
			projectDirPath = "";
			projectRoot = "";
			targets = (
				84AEA0CD23861570005C6DA3 /* HZScanUIDemo */,
			);
		};
/* End PBXProject section */

/* Begin PBXResourcesBuildPhase section */
		84AEA0CC23861570005C6DA3 /* Resources */ = {
			isa = PBXResourcesBuildPhase;
			buildActionMask = 2147483647;
			files = (
				84AEA0F22386B1AA005C6DA3 /* IMG_9235.PNG in Resources */,
				84AEA0F02386B1A4005C6DA3 /* IMG_9234.PNG in Resources */,
				84AEA0DE23861571005C6DA3 /* Assets.xcassets in Resources */,
			);
			runOnlyForDeploymentPostprocessing = 0;
		};
/* End PBXResourcesBuildPhase section */

/* Begin PBXShellScriptBuildPhase section */
		6C859916A3FE48215935D2E6 /* [CP] Embed Pods Frameworks */ = {
			isa = PBXShellScriptBuildPhase;
			buildActionMask = 2147483647;
			files = (
			);
			inputFileListPaths = (
				"${PODS_ROOT}/Target Support Files/Pods-HZScanUIDemo/Pods-HZScanUIDemo-frameworks-${CONFIGURATION}-input-files.xcfilelist",
			);
			name = "[CP] Embed Pods Frameworks";
			outputFileListPaths = (
				"${PODS_ROOT}/Target Support Files/Pods-HZScanUIDemo/Pods-HZScanUIDemo-frameworks-${CONFIGURATION}-output-files.xcfilelist",
			);
			runOnlyForDeploymentPostprocessing = 0;
			shellPath = /bin/sh;
			shellScript = "\"${PODS_ROOT}/Target Support Files/Pods-HZScanUIDemo/Pods-HZScanUIDemo-frameworks.sh\"\n";
			showEnvVarsInLog = 0;
		};
		EDBA6C67BBAE48B28A989A08 /* [CP] Check Pods Manifest.lock */ = {
			isa = PBXShellScriptBuildPhase;
			buildActionMask = 2147483647;
			files = (
			);
			inputFileListPaths = (
			);
			inputPaths = (
				"${PODS_PODFILE_DIR_PATH}/Podfile.lock",
				"${PODS_ROOT}/Manifest.lock",
			);
			name = "[CP] Check Pods Manifest.lock";
			outputFileListPaths = (
			);
			outputPaths = (
				"$(DERIVED_FILE_DIR)/Pods-HZScanUIDemo-checkManifestLockResult.txt",
			);
			runOnlyForDeploymentPostprocessing = 0;
			shellPath = /bin/sh;
			shellScript = "diff \"${PODS_PODFILE_DIR_PATH}/Podfile.lock\" \"${PODS_ROOT}/Manifest.lock\" > /dev/null\nif [ $? != 0 ] ; then\n    # print error to STDERR\n    echo \"error: The sandbox is not in sync with the Podfile.lock. Run 'pod install' or update your CocoaPods installation.\" >&2\n    exit 1\nfi\n# This output is used by Xcode 'outputs' to avoid re-running this script phase.\necho \"SUCCESS\" > \"${SCRIPT_OUTPUT_FILE_0}\"\n";
			showEnvVarsInLog = 0;
		};
/* End PBXShellScriptBuildPhase section */

/* Begin PBXSourcesBuildPhase section */
		84AEA0CA23861570005C6DA3 /* Sources */ = {
			isa = PBXSourcesBuildPhase;
			buildActionMask = 2147483647;
			files = (
				84AEA0D923861570005C6DA3 /* ViewController.m in Sources */,
				84AEA0D323861570005C6DA3 /* AppDelegate.m in Sources */,
				84CB46AC24A09C6200DB3CF4 /* HZCaptureScanViewController.m in Sources */,
				84CB46B224A0AA0900DB3CF4 /* HZCaptureScanMarkView.m in Sources */,
				84AEA0E423861571005C6DA3 /* main.m in Sources */,
				84AEA0EC2386164F005C6DA3 /* HZScanUIViewController.m in Sources */,
				84AEA0F82387892C005C6DA3 /* NSString+urlJudge.m in Sources */,
				84CB46A924A09B9D00DB3CF4 /* HZCaptureScanManager.m in Sources */,
				84AEA0F523878284005C6DA3 /* HZContentShowViewController.m in Sources */,
			);
			runOnlyForDeploymentPostprocessing = 0;
		};
/* End PBXSourcesBuildPhase section */

/* Begin XCBuildConfiguration section */
		84AEA0E523861571005C6DA3 /* Debug */ = {
			isa = XCBuildConfiguration;
			buildSettings = {
				ALWAYS_SEARCH_USER_PATHS = NO;
				CLANG_ANALYZER_NONNULL = YES;
				CLANG_ANALYZER_NUMBER_OBJECT_CONVERSION = YES_AGGRESSIVE;
				CLANG_CXX_LANGUAGE_STANDARD = "gnu++14";
				CLANG_CXX_LIBRARY = "libc++";
				CLANG_ENABLE_MODULES = YES;
				CLANG_ENABLE_OBJC_ARC = YES;
				CLANG_ENABLE_OBJC_WEAK = YES;
				CLANG_WARN_BLOCK_CAPTURE_AUTORELEASING = YES;
				CLANG_WARN_BOOL_CONVERSION = YES;
				CLANG_WARN_COMMA = YES;
				CLANG_WARN_CONSTANT_CONVERSION = YES;
				CLANG_WARN_DEPRECATED_OBJC_IMPLEMENTATIONS = YES;
				CLANG_WARN_DIRECT_OBJC_ISA_USAGE = YES_ERROR;
				CLANG_WARN_DOCUMENTATION_COMMENTS = YES;
				CLANG_WARN_EMPTY_BODY = YES;
				CLANG_WARN_ENUM_CONVERSION = YES;
				CLANG_WARN_INFINITE_RECURSION = YES;
				CLANG_WARN_INT_CONVERSION = YES;
				CLANG_WARN_NON_LITERAL_NULL_CONVERSION = YES;
				CLANG_WARN_OBJC_IMPLICIT_RETAIN_SELF = YES;
				CLANG_WARN_OBJC_LITERAL_CONVERSION = YES;
				CLANG_WARN_OBJC_ROOT_CLASS = YES_ERROR;
				CLANG_WARN_RANGE_LOOP_ANALYSIS = YES;
				CLANG_WARN_STRICT_PROTOTYPES = YES;
				CLANG_WARN_SUSPICIOUS_MOVE = YES;
				CLANG_WARN_UNGUARDED_AVAILABILITY = YES_AGGRESSIVE;
				CLANG_WARN_UNREACHABLE_CODE = YES;
				CLANG_WARN__DUPLICATE_METHOD_MATCH = YES;
				COPY_PHASE_STRIP = NO;
				DEBUG_INFORMATION_FORMAT = dwarf;
				ENABLE_STRICT_OBJC_MSGSEND = YES;
				ENABLE_TESTABILITY = YES;
				GCC_C_LANGUAGE_STANDARD = gnu11;
				GCC_DYNAMIC_NO_PIC = NO;
				GCC_NO_COMMON_BLOCKS = YES;
				GCC_OPTIMIZATION_LEVEL = 0;
				GCC_PREPROCESSOR_DEFINITIONS = (
					"DEBUG=1",
					"$(inherited)",
				);
				GCC_WARN_64_TO_32_BIT_CONVERSION = YES;
				GCC_WARN_ABOUT_RETURN_TYPE = YES_ERROR;
				GCC_WARN_UNDECLARED_SELECTOR = YES;
				GCC_WARN_UNINITIALIZED_AUTOS = YES_AGGRESSIVE;
				GCC_WARN_UNUSED_FUNCTION = YES;
				GCC_WARN_UNUSED_VARIABLE = YES;
				IPHONEOS_DEPLOYMENT_TARGET = 13.1;
				MTL_ENABLE_DEBUG_INFO = INCLUDE_SOURCE;
				MTL_FAST_MATH = YES;
				ONLY_ACTIVE_ARCH = YES;
				SDKROOT = iphoneos;
			};
			name = Debug;
		};
		84AEA0E623861571005C6DA3 /* Release */ = {
			isa = XCBuildConfiguration;
			buildSettings = {
				ALWAYS_SEARCH_USER_PATHS = NO;
				CLANG_ANALYZER_NONNULL = YES;
				CLANG_ANALYZER_NUMBER_OBJECT_CONVERSION = YES_AGGRESSIVE;
				CLANG_CXX_LANGUAGE_STANDARD = "gnu++14";
				CLANG_CXX_LIBRARY = "libc++";
				CLANG_ENABLE_MODULES = YES;
				CLANG_ENABLE_OBJC_ARC = YES;
				CLANG_ENABLE_OBJC_WEAK = YES;
				CLANG_WARN_BLOCK_CAPTURE_AUTORELEASING = YES;
				CLANG_WARN_BOOL_CONVERSION = YES;
				CLANG_WARN_COMMA = YES;
				CLANG_WARN_CONSTANT_CONVERSION = YES;
				CLANG_WARN_DEPRECATED_OBJC_IMPLEMENTATIONS = YES;
				CLANG_WARN_DIRECT_OBJC_ISA_USAGE = YES_ERROR;
				CLANG_WARN_DOCUMENTATION_COMMENTS = YES;
				CLANG_WARN_EMPTY_BODY = YES;
				CLANG_WARN_ENUM_CONVERSION = YES;
				CLANG_WARN_INFINITE_RECURSION = YES;
				CLANG_WARN_INT_CONVERSION = YES;
				CLANG_WARN_NON_LITERAL_NULL_CONVERSION = YES;
				CLANG_WARN_OBJC_IMPLICIT_RETAIN_SELF = YES;
				CLANG_WARN_OBJC_LITERAL_CONVERSION = YES;
				CLANG_WARN_OBJC_ROOT_CLASS = YES_ERROR;
				CLANG_WARN_RANGE_LOOP_ANALYSIS = YES;
				CLANG_WARN_STRICT_PROTOTYPES = YES;
				CLANG_WARN_SUSPICIOUS_MOVE = YES;
				CLANG_WARN_UNGUARDED_AVAILABILITY = YES_AGGRESSIVE;
				CLANG_WARN_UNREACHABLE_CODE = YES;
				CLANG_WARN__DUPLICATE_METHOD_MATCH = YES;
				COPY_PHASE_STRIP = NO;
				DEBUG_INFORMATION_FORMAT = "dwarf-with-dsym";
				ENABLE_NS_ASSERTIONS = NO;
				ENABLE_STRICT_OBJC_MSGSEND = YES;
				GCC_C_LANGUAGE_STANDARD = gnu11;
				GCC_NO_COMMON_BLOCKS = YES;
				GCC_WARN_64_TO_32_BIT_CONVERSION = YES;
				GCC_WARN_ABOUT_RETURN_TYPE = YES_ERROR;
				GCC_WARN_UNDECLARED_SELECTOR = YES;
				GCC_WARN_UNINITIALIZED_AUTOS = YES_AGGRESSIVE;
				GCC_WARN_UNUSED_FUNCTION = YES;
				GCC_WARN_UNUSED_VARIABLE = YES;
				IPHONEOS_DEPLOYMENT_TARGET = 13.1;
				MTL_ENABLE_DEBUG_INFO = NO;
				MTL_FAST_MATH = YES;
				SDKROOT = iphoneos;
				VALIDATE_PRODUCT = YES;
			};
			name = Release;
		};
		84AEA0E823861571005C6DA3 /* Debug */ = {
			isa = XCBuildConfiguration;
			baseConfigurationReference = FCA3FB99B72C1BB02951650B /* Pods-HZScanUIDemo.debug.xcconfig */;
			buildSettings = {
				ASSETCATALOG_COMPILER_APPICON_NAME = AppIcon;
				CODE_SIGN_IDENTITY = "iPhone Developer";
				CODE_SIGN_STYLE = Manual;
				DEVELOPMENT_TEAM = Z8MD25EDFY;
				INFOPLIST_FILE = HZScanUIDemo/Info.plist;
				IPHONEOS_DEPLOYMENT_TARGET = 8.0;
				LD_RUNPATH_SEARCH_PATHS = (
					"$(inherited)",
					"@executable_path/Frameworks",
				);
				PRODUCT_BUNDLE_IDENTIFIER = com.yuantu.HZScanUIDemo;
				PRODUCT_NAME = "$(TARGET_NAME)";
				PROVISIONING_PROFILE_SPECIFIER = WildDemoDevelopment;
				TARGETED_DEVICE_FAMILY = "1,2";
			};
			name = Debug;
		};
		84AEA0E923861571005C6DA3 /* Release */ = {
			isa = XCBuildConfiguration;
			baseConfigurationReference = DC529E01C7517EB962F4A431 /* Pods-HZScanUIDemo.release.xcconfig */;
			buildSettings = {
				ASSETCATALOG_COMPILER_APPICON_NAME = AppIcon;
				CODE_SIGN_IDENTITY = "iPhone Developer";
				CODE_SIGN_STYLE = Manual;
				DEVELOPMENT_TEAM = Z8MD25EDFY;
				INFOPLIST_FILE = HZScanUIDemo/Info.plist;
				IPHONEOS_DEPLOYMENT_TARGET = 8.0;
				LD_RUNPATH_SEARCH_PATHS = (
					"$(inherited)",
					"@executable_path/Frameworks",
				);
				PRODUCT_BUNDLE_IDENTIFIER = com.yuantu.HZScanUIDemo;
				PRODUCT_NAME = "$(TARGET_NAME)";
				PROVISIONING_PROFILE_SPECIFIER = WildDemoDevelopment;
				TARGETED_DEVICE_FAMILY = "1,2";
			};
			name = Release;
		};
/* End XCBuildConfiguration section */

/* Begin XCConfigurationList section */
		84AEA0C923861570005C6DA3 /* Build configuration list for PBXProject "HZScanUIDemo" */ = {
			isa = XCConfigurationList;
			buildConfigurations = (
				84AEA0E523861571005C6DA3 /* Debug */,
				84AEA0E623861571005C6DA3 /* Release */,
			);
			defaultConfigurationIsVisible = 0;
			defaultConfigurationName = Release;
		};
		84AEA0E723861571005C6DA3 /* Build configuration list for PBXNativeTarget "HZScanUIDemo" */ = {
			isa = XCConfigurationList;
			buildConfigurations = (
				84AEA0E823861571005C6DA3 /* Debug */,
				84AEA0E923861571005C6DA3 /* Release */,
			);
			defaultConfigurationIsVisible = 0;
			defaultConfigurationName = Release;
		};
/* End XCConfigurationList section */
	};
	rootObject = 84AEA0C623861570005C6DA3 /* Project object */;
}
